
Microsoft Visual Studio Solution File, Format Version 12.00
# Visual Studio Version 17
VisualStudioVersion = 17.0.31903.59
MinimumVisualStudioVersion = 10.0.40219.1
Project("{FAE04EC0-301F-11D3-BF4B-00C04F79EFBC}") = "TDDÖvning", "TDDÖvning\TDDÖvning.csproj", "{56564DAE-7446-4000-A887-783A034BDA3C}"
EndProject
Project("{FAE04EC0-301F-11D3-BF4B-00C04F79EFBC}") = "TDDÖvningTests", "TDDÖvningTests\TDDÖvningTests.csproj", "{C5E41FB7-8648-4C22-8561-704402887F29}"
EndProject
Global
	GlobalSection(SolutionConfigurationPlatforms) = preSolution
		Debug|Any CPU = Debug|Any CPU
		Release|Any CPU = Release|Any CPU
	EndGlobalSection
	GlobalSection(ProjectConfigurationPlatforms) = postSolution
		{56564DAE-7446-4000-A887-783A034BDA3C}.Debug|Any CPU.ActiveCfg = Debug|Any CPU
		{56564DAE-7446-4000-A887-783A034BDA3C}.Debug|Any CPU.Build.0 = Debug|Any CPU
		{56564DAE-7446-4000-A887-783A034BDA3C}.Release|Any CPU.ActiveCfg = Release|Any CPU
		{56564DAE-7446-4000-A887-783A034BDA3C}.Release|Any CPU.Build.0 = Release|Any CPU
		{C5E41FB7-8648-4C22-8561-704402887F29}.Debug|Any CPU.ActiveCfg = Debug|Any CPU
		{C5E41FB7-8648-4C22-8561-704402887F29}.Debug|Any CPU.Build.0 = Debug|Any CPU
		{C5E41FB7-8648-4C22-8561-704402887F29}.Release|Any CPU.ActiveCfg = Release|Any CPU
		{C5E41FB7-8648-4C22-8561-704402887F29}.Release|Any CPU.Build.0 = Release|Any CPU
	EndGlobalSection
	GlobalSection(SolutionProperties) = preSolution
		HideSolutionNode = FALSE
	EndGlobalSection
	GlobalSection(ExtensibilityGlobals) = postSolution
		SolutionGuid = {4A13C735-8B90-49A3-91E1-E3C40B921347}
	EndGlobalSection
EndGlobal
