
Microsoft Visual Studio Solution File, Format Version 12.00
# Visual Studio Version 17
VisualStudioVersion = 17.0.31903.59
MinimumVisualStudioVersion = 10.0.40219.1
Project("{FAE04EC0-301F-11D3-BF4B-00C04F79EFBC}") = "Miniräknare", "Miniräknare\Miniräknare.csproj", "{847A71CA-41DB-4E00-A39C-CC86217C73BB}"
EndProject
Global
	GlobalSection(SolutionConfigurationPlatforms) = preSolution
		Debug|Any CPU = Debug|Any CPU
		Release|Any CPU = Release|Any CPU
	EndGlobalSection
	GlobalSection(ProjectConfigurationPlatforms) = postSolution
		{847A71CA-41DB-4E00-A39C-CC86217C73BB}.Debug|Any CPU.ActiveCfg = Debug|Any CPU
		{847A71CA-41DB-4E00-A39C-CC86217C73BB}.Debug|Any CPU.Build.0 = Debug|Any CPU
		{847A71CA-41DB-4E00-A39C-CC86217C73BB}.Release|Any CPU.ActiveCfg = Release|Any CPU
		{847A71CA-41DB-4E00-A39C-CC86217C73BB}.Release|Any CPU.Build.0 = Release|Any CPU
	EndGlobalSection
	GlobalSection(SolutionProperties) = preSolution
		HideSolutionNode = FALSE
	EndGlobalSection
	GlobalSection(ExtensibilityGlobals) = postSolution
		SolutionGuid = {50646865-6FAF-41AC-93DA-9D2D5CB4DA60}
	EndGlobalSection
EndGlobal
